
Microsoft Visual Studio Solution File, Format Version 12.00
# Visual Studio Version 16
VisualStudioVersion = 16.0.30225.117
MinimumVisualStudioVersion = 10.0.40219.1
Project("{FAE04EC0-301F-11D3-BF4B-00C04F79EFBC}") = "WpfNetCoreProjectName", "WpfNetCoreProjectName\WpfNetCoreProjectName.csproj", "{F1022B1B-333F-4556-880F-6239F173CB8D}"
EndProject
Global
	GlobalSection(SolutionConfigurationPlatforms) = preSolution
		Debug|Any CPU = Debug|Any CPU
		Release|Any CPU = Release|Any CPU
	EndGlobalSection
	GlobalSection(ProjectConfigurationPlatforms) = postSolution
		{F1022B1B-333F-4556-880F-6239F173CB8D}.Debug|Any CPU.ActiveCfg = Debug|Any CPU
		{F1022B1B-333F-4556-880F-6239F173CB8D}.Debug|Any CPU.Build.0 = Debug|Any CPU
		{F1022B1B-333F-4556-880F-6239F173CB8D}.Release|Any CPU.ActiveCfg = Release|Any CPU
		{F1022B1B-333F-4556-880F-6239F173CB8D}.Release|Any CPU.Build.0 = Release|Any CPU
	EndGlobalSection
	GlobalSection(SolutionProperties) = preSolution
		HideSolutionNode = FALSE
	EndGlobalSection
	GlobalSection(ExtensibilityGlobals) = postSolution
		SolutionGuid = {CE66B088-A4E5-4E24-B45C-45301A6F3930}
	EndGlobalSection
EndGlobal
